
Microsoft Visual Studio Solution File, Format Version 12.00
# Visual Studio Version 16
VisualStudioVersion = 16.0.29201.188
MinimumVisualStudioVersion = 10.0.40219.1
Project("{FAE04EC0-301F-11D3-BF4B-00C04F79EFBC}") = "aural_server_api", "aural_server_api\aural_server_api.csproj", "{61FD8E18-D1E1-489E-BE4E-7880C90D6967}"
EndProject
Global
	GlobalSection(SolutionConfigurationPlatforms) = preSolution
		Debug|Any CPU = Debug|Any CPU
		Release|Any CPU = Release|Any CPU
	EndGlobalSection
	GlobalSection(ProjectConfigurationPlatforms) = postSolution
		{61FD8E18-D1E1-489E-BE4E-7880C90D6967}.Debug|Any CPU.ActiveCfg = Debug|Any CPU
		{61FD8E18-D1E1-489E-BE4E-7880C90D6967}.Debug|Any CPU.Build.0 = Debug|Any CPU
		{61FD8E18-D1E1-489E-BE4E-7880C90D6967}.Release|Any CPU.ActiveCfg = Release|Any CPU
		{61FD8E18-D1E1-489E-BE4E-7880C90D6967}.Release|Any CPU.Build.0 = Release|Any CPU
	EndGlobalSection
	GlobalSection(SolutionProperties) = preSolution
		HideSolutionNode = FALSE
	EndGlobalSection
	GlobalSection(ExtensibilityGlobals) = postSolution
		SolutionGuid = {EDE73161-301A-4BAE-94CB-1D24FFD50E33}
	EndGlobalSection
	GlobalSection(TeamFoundationVersionControl) = preSolution
		SccNumberOfProjects = 2
		SccEnterpriseProvider = {4CA58AB2-18FA-4F8D-95D4-32DDF27D184C}
		SccTeamFoundationServer = https://dev.azure.com/liej6799
		SccLocalPath0 = .
		SccProjectUniqueName1 = aural_server_api\\aural_server_api.csproj
		SccProjectName1 = aural_server_api
		SccLocalPath1 = aural_server_api
	EndGlobalSection
EndGlobal
