
Microsoft Visual Studio Solution File, Format Version 12.00
# Visual Studio Version 16
VisualStudioVersion = 16.0.29424.173
MinimumVisualStudioVersion = 10.0.40219.1
Project("{9A19103F-16F7-4668-BE54-9A1E7A4F7556}") = "aural_server_console_weather", "aural_server_console_weather\aural_server_console_weather.csproj", "{E3E7B5C5-67DA-4730-AEE7-823C282D160A}"
EndProject
Global
	GlobalSection(SolutionConfigurationPlatforms) = preSolution
		Debug|Any CPU = Debug|Any CPU
		Release|Any CPU = Release|Any CPU
	EndGlobalSection
	GlobalSection(ProjectConfigurationPlatforms) = postSolution
		{E3E7B5C5-67DA-4730-AEE7-823C282D160A}.Debug|Any CPU.ActiveCfg = Debug|Any CPU
		{E3E7B5C5-67DA-4730-AEE7-823C282D160A}.Debug|Any CPU.Build.0 = Debug|Any CPU
		{E3E7B5C5-67DA-4730-AEE7-823C282D160A}.Release|Any CPU.ActiveCfg = Release|Any CPU
		{E3E7B5C5-67DA-4730-AEE7-823C282D160A}.Release|Any CPU.Build.0 = Release|Any CPU
	EndGlobalSection
	GlobalSection(SolutionProperties) = preSolution
		HideSolutionNode = FALSE
	EndGlobalSection
	GlobalSection(ExtensibilityGlobals) = postSolution
		SolutionGuid = {7DE0C042-7811-4D77-9609-D802E9C9DBF9}
	EndGlobalSection
	GlobalSection(TeamFoundationVersionControl) = preSolution
		SccNumberOfProjects = 2
		SccEnterpriseProvider = {4CA58AB2-18FA-4F8D-95D4-32DDF27D184C}
		SccTeamFoundationServer = https://dev.azure.com/liej6799
		SccLocalPath0 = .
		SccProjectUniqueName1 = aural_server_console_weather\\aural_server_console_weather.csproj
		SccProjectName1 = aural_server_console_weather
		SccLocalPath1 = aural_server_console_weather
	EndGlobalSection
EndGlobal
